
Microsoft Visual Studio Solution File, Format Version 12.00
# Visual Studio 2012
Project("{f2a71f9b-5d33-465a-a702-920d77279786}") = "Fable.Arch", "Fable.Arch.fsproj", "{1DC229E4-4873-4884-9E74-188610C74D11}"
EndProject
Global
	GlobalSection(SolutionConfigurationPlatforms) = preSolution
		Debug|Any CPU = Debug|Any CPU
		Release|Any CPU = Release|Any CPU
	EndGlobalSection
	GlobalSection(ProjectConfigurationPlatforms) = postSolution
		{1DC229E4-4873-4884-9E74-188610C74D11}.Debug|Any CPU.ActiveCfg = Debug|Any CPU
		{1DC229E4-4873-4884-9E74-188610C74D11}.Debug|Any CPU.Build.0 = Debug|Any CPU
		{1DC229E4-4873-4884-9E74-188610C74D11}.Release|Any CPU.ActiveCfg = Release|Any CPU
		{1DC229E4-4873-4884-9E74-188610C74D11}.Release|Any CPU.Build.0 = Release|Any CPU
	EndGlobalSection
EndGlobal
